
Microsoft Visual Studio Solution File, Format Version 12.00
# Visual Studio Version 16
VisualStudioVersion = 16.0.29709.97
MinimumVisualStudioVersion = 10.0.40219.1
Project("{8BC9CEB8-8B4A-11D0-8D11-00A0C91BC942}") = "RealSenseDepthRenderer", "RealSenseDepthRenderer.vcxproj", "{CBE8DE0A-A287-4666-9A02-BA18BC20CA05}"
EndProject
Global
	GlobalSection(SolutionConfigurationPlatforms) = preSolution
		Debug|x64 = Debug|x64
		Debug|x86 = Debug|x86
		Release|x64 = Release|x64
		Release|x86 = Release|x86
	EndGlobalSection
	GlobalSection(ProjectConfigurationPlatforms) = postSolution
		{CBE8DE0A-A287-4666-9A02-BA18BC20CA05}.Debug|x64.ActiveCfg = Debug|x64
		{CBE8DE0A-A287-4666-9A02-BA18BC20CA05}.Debug|x64.Build.0 = Debug|x64
		{CBE8DE0A-A287-4666-9A02-BA18BC20CA05}.Debug|x86.ActiveCfg = Debug|Win32
		{CBE8DE0A-A287-4666-9A02-BA18BC20CA05}.Debug|x86.Build.0 = Debug|Win32
		{CBE8DE0A-A287-4666-9A02-BA18BC20CA05}.Release|x64.ActiveCfg = Release|x64
		{CBE8DE0A-A287-4666-9A02-BA18BC20CA05}.Release|x64.Build.0 = Release|x64
		{CBE8DE0A-A287-4666-9A02-BA18BC20CA05}.Release|x86.ActiveCfg = Release|Win32
		{CBE8DE0A-A287-4666-9A02-BA18BC20CA05}.Release|x86.Build.0 = Release|Win32
	EndGlobalSection
	GlobalSection(SolutionProperties) = preSolution
		HideSolutionNode = FALSE
	EndGlobalSection
	GlobalSection(ExtensibilityGlobals) = postSolution
		SolutionGuid = {37EF0233-0E8E-4C51-AD03-0D9038E92BCB}
	EndGlobalSection
EndGlobal
